// !$*UTF8*$!
{
	archiveVersion = 1;
	classes = {
	};
	objectVersion = 77;
	objects = {

/* Begin PBXBuildFile section */
		074D6CB32D1E76D1004F05F9 /* Preview Assets.xcassets in Resources */ = {isa = PBXBuildFile; fileRef = 074D6CA82D1E76D1004F05F9 /* Preview Assets.xcassets */; };
		074D6CB42D1E76D1004F05F9 /* Assets.xcassets in Resources */ = {isa = PBXBuildFile; fileRef = 074D6CAA2D1E76D1004F05F9 /* Assets.xcassets */; };
		074D6CB52D1E76D1004F05F9 /* dictionary.txt in Resources */ = {isa = PBXBuildFile; fileRef = 074D6CAC2D1E76D1004F05F9 /* dictionary.txt */; };
		074D6CB62D1E76D1004F05F9 /* ContentView.swift in Sources */ = {isa = PBXBuildFile; fileRef = 074D6CAB2D1E76D1004F05F9 /* ContentView.swift */; };
		074D6CB72D1E76D1004F05F9 /* Rule.swift in Sources */ = {isa = PBXBuildFile; fileRef = 074D6CAD2D1E76D1004F05F9 /* Rule.swift */; };
		074D6CB82D1E76D1004F05F9 /* Tile.swift in Sources */ = {isa = PBXBuildFile; fileRef = 074D6CAE2D1E76D1004F05F9 /* Tile.swift */; };
		074D6CB92D1E76D1004F05F9 /* ViewModel.swift in Sources */ = {isa = PBXBuildFile; fileRef = 074D6CAF2D1E76D1004F05F9 /* ViewModel.swift */; };
		074D6CBA2D1E76D1004F05F9 /* WordcraftApp.swift in Sources */ = {isa = PBXBuildFile; fileRef = 074D6CB12D1E76D1004F05F9 /* WordcraftApp.swift */; };
/* End PBXBuildFile section */

/* Begin PBXFileReference section */
		074D6C8C2D1D1F7A004F05F9 /* Wordcraft.app */ = {isa = PBXFileReference; explicitFileType = wrapper.application; includeInIndex = 0; path = Wordcraft.app; sourceTree = BUILT_PRODUCTS_DIR; };
		074D6CA82D1E76D1004F05F9 /* Preview Assets.xcassets */ = {isa = PBXFileReference; lastKnownFileType = folder.assetcatalog; path = "Preview Assets.xcassets"; sourceTree = "<group>"; };
		074D6CAA2D1E76D1004F05F9 /* Assets.xcassets */ = {isa = PBXFileReference; lastKnownFileType = folder.assetcatalog; path = Assets.xcassets; sourceTree = "<group>"; };
		074D6CAB2D1E76D1004F05F9 /* ContentView.swift */ = {isa = PBXFileReference; lastKnownFileType = sourcecode.swift; path = ContentView.swift; sourceTree = "<group>"; };
		074D6CAC2D1E76D1004F05F9 /* dictionary.txt */ = {isa = PBXFileReference; lastKnownFileType = text; path = dictionary.txt; sourceTree = "<group>"; };
		074D6CAD2D1E76D1004F05F9 /* Rule.swift */ = {isa = PBXFileReference; lastKnownFileType = sourcecode.swift; path = Rule.swift; sourceTree = "<group>"; };
		074D6CAE2D1E76D1004F05F9 /* Tile.swift */ = {isa = PBXFileReference; lastKnownFileType = sourcecode.swift; path = Tile.swift; sourceTree = "<group>"; };
		074D6CAF2D1E76D1004F05F9 /* ViewModel.swift */ = {isa = PBXFileReference; lastKnownFileType = sourcecode.swift; path = ViewModel.swift; sourceTree = "<group>"; };
		074D6CB02D1E76D1004F05F9 /* Wordcraft.entitlements */ = {isa = PBXFileReference; lastKnownFileType = text.plist.entitlements; path = Wordcraft.entitlements; sourceTree = "<group>"; };
		074D6CB12D1E76D1004F05F9 /* WordcraftApp.swift */ = {isa = PBXFileReference; lastKnownFileType = sourcecode.swift; path = WordcraftApp.swift; sourceTree = "<group>"; };
/* End PBXFileReference section */

/* Begin PBXFrameworksBuildPhase section */
		074D6C892D1D1F7A004F05F9 /* Frameworks */ = {
			isa = PBXFrameworksBuildPhase;
			buildActionMask = 2147483647;
			files = (
			);
			runOnlyForDeploymentPostprocessing = 0;
		};
/* End PBXFrameworksBuildPhase section */

/* Begin PBXGroup section */
		074D6C832D1D1F7A004F05F9 = {
			isa = PBXGroup;
			children = (
				074D6CB22D1E76D1004F05F9 /* Wordcraft */,
				074D6C8D2D1D1F7A004F05F9 /* Products */,
			);
			sourceTree = "<group>";
		};
		074D6C8D2D1D1F7A004F05F9 /* Products */ = {
			isa = PBXGroup;
			children = (
				074D6C8C2D1D1F7A004F05F9 /* Wordcraft.app */,
			);
			name = Products;
			sourceTree = "<group>";
		};
		074D6CA92D1E76D1004F05F9 /* Preview Content */ = {
			isa = PBXGroup;
			children = (
				074D6CA82D1E76D1004F05F9 /* Preview Assets.xcassets */,
			);
			path = "Preview Content";
			sourceTree = "<group>";
		};
		074D6CB22D1E76D1004F05F9 /* Wordcraft */ = {
			isa = PBXGroup;
			children = (
				074D6CB12D1E76D1004F05F9 /* WordcraftApp.swift */,
				074D6CAF2D1E76D1004F05F9 /* ViewModel.swift */,
				074D6CAB2D1E76D1004F05F9 /* ContentView.swift */,
				074D6CAE2D1E76D1004F05F9 /* Tile.swift */,
				074D6CAD2D1E76D1004F05F9 /* Rule.swift */,
				074D6CAC2D1E76D1004F05F9 /* dictionary.txt */,
				074D6CAA2D1E76D1004F05F9 /* Assets.xcassets */,
				074D6CB02D1E76D1004F05F9 /* Wordcraft.entitlements */,
				074D6CA92D1E76D1004F05F9 /* Preview Content */,
			);
			path = Wordcraft;
			sourceTree = "<group>";
		};
/* End PBXGroup section */

/* Begin PBXNativeTarget section */
		074D6C8B2D1D1F7A004F05F9 /* Wordcraft */ = {
			isa = PBXNativeTarget;
			buildConfigurationList = 074D6C9B2D1D1F7C004F05F9 /* Build configuration list for PBXNativeTarget "Wordcraft" */;
			buildPhases = (
				074D6C882D1D1F7A004F05F9 /* Sources */,
				074D6C892D1D1F7A004F05F9 /* Frameworks */,
				074D6C8A2D1D1F7A004F05F9 /* Resources */,
			);
			buildRules = (
			);
			dependencies = (
			);
			name = Wordcraft;
			packageProductDependencies = (
			);
			productName = Wordcraft;
			productReference = 074D6C8C2D1D1F7A004F05F9 /* Wordcraft.app */;
			productType = "com.apple.product-type.application";
		};
/* End PBXNativeTarget section */

/* Begin PBXProject section */
		074D6C842D1D1F7A004F05F9 /* Project object */ = {
			isa = PBXProject;
			attributes = {
				BuildIndependentTargetsInParallel = 1;
				LastSwiftUpdateCheck = 1610;
				LastUpgradeCheck = 1610;
				TargetAttributes = {
					074D6C8B2D1D1F7A004F05F9 = {
						CreatedOnToolsVersion = 16.1;
					};
				};
			};
			buildConfigurationList = 074D6C872D1D1F7A004F05F9 /* Build configuration list for PBXProject "Wordcraft" */;
			developmentRegion = en;
			hasScannedForEncodings = 0;
			knownRegions = (
				en,
				Base,
			);
			mainGroup = 074D6C832D1D1F7A004F05F9;
			minimizedProjectReferenceProxies = 1;
			preferredProjectObjectVersion = 77;
			productRefGroup = 074D6C8D2D1D1F7A004F05F9 /* Products */;
			projectDirPath = "";
			projectRoot = "";
			targets = (
				074D6C8B2D1D1F7A004F05F9 /* Wordcraft */,
			);
		};
/* End PBXProject section */

/* Begin PBXResourcesBuildPhase section */
		074D6C8A2D1D1F7A004F05F9 /* Resources */ = {
			isa = PBXResourcesBuildPhase;
			buildActionMask = 2147483647;
			files = (
				074D6CB32D1E76D1004F05F9 /* Preview Assets.xcassets in Resources */,
				074D6CB42D1E76D1004F05F9 /* Assets.xcassets in Resources */,
				074D6CB52D1E76D1004F05F9 /* dictionary.txt in Resources */,
			);
			runOnlyForDeploymentPostprocessing = 0;
		};
/* End PBXResourcesBuildPhase section */

/* Begin PBXSourcesBuildPhase section */
		074D6C882D1D1F7A004F05F9 /* Sources */ = {
			isa = PBXSourcesBuildPhase;
			buildActionMask = 2147483647;
			files = (
				074D6CB62D1E76D1004F05F9 /* ContentView.swift in Sources */,
				074D6CB72D1E76D1004F05F9 /* Rule.swift in Sources */,
				074D6CB82D1E76D1004F05F9 /* Tile.swift in Sources */,
				074D6CB92D1E76D1004F05F9 /* ViewModel.swift in Sources */,
				074D6CBA2D1E76D1004F05F9 /* WordcraftApp.swift in Sources */,
			);
			runOnlyForDeploymentPostprocessing = 0;
		};
/* End PBXSourcesBuildPhase section */

/* Begin XCBuildConfiguration section */
		074D6C992D1D1F7C004F05F9 /* Debug */ = {
			isa = XCBuildConfiguration;
			buildSettings = {
				ALWAYS_SEARCH_USER_PATHS = NO;
				ASSETCATALOG_COMPILER_GENERATE_SWIFT_ASSET_SYMBOL_EXTENSIONS = YES;
				CLANG_ANALYZER_NONNULL = YES;
				CLANG_ANALYZER_NUMBER_OBJECT_CONVERSION = YES_AGGRESSIVE;
				CLANG_CXX_LANGUAGE_STANDARD = "gnu++20";
				CLANG_ENABLE_MODULES = YES;
				CLANG_ENABLE_OBJC_ARC = YES;
				CLANG_ENABLE_OBJC_WEAK = YES;
				CLANG_WARN_BLOCK_CAPTURE_AUTORELEASING = YES;
				CLANG_WARN_BOOL_CONVERSION = YES;
				CLANG_WARN_COMMA = YES;
				CLANG_WARN_CONSTANT_CONVERSION = YES;
				CLANG_WARN_DEPRECATED_OBJC_IMPLEMENTATIONS = YES;
				CLANG_WARN_DIRECT_OBJC_ISA_USAGE = YES_ERROR;
				CLANG_WARN_DOCUMENTATION_COMMENTS = YES;
				CLANG_WARN_EMPTY_BODY = YES;
				CLANG_WARN_ENUM_CONVERSION = YES;
				CLANG_WARN_INFINITE_RECURSION = YES;
				CLANG_WARN_INT_CONVERSION = YES;
				CLANG_WARN_NON_LITERAL_NULL_CONVERSION = YES;
				CLANG_WARN_OBJC_IMPLICIT_RETAIN_SELF = YES;
				CLANG_WARN_OBJC_LITERAL_CONVERSION = YES;
				CLANG_WARN_OBJC_ROOT_CLASS = YES_ERROR;
				CLANG_WARN_QUOTED_INCLUDE_IN_FRAMEWORK_HEADER = YES;
				CLANG_WARN_RANGE_LOOP_ANALYSIS = YES;
				CLANG_WARN_STRICT_PROTOTYPES = YES;
				CLANG_WARN_SUSPICIOUS_MOVE = YES;
				CLANG_WARN_UNGUARDED_AVAILABILITY = YES_AGGRESSIVE;
				CLANG_WARN_UNREACHABLE_CODE = YES;
				CLANG_WARN__DUPLICATE_METHOD_MATCH = YES;
				COPY_PHASE_STRIP = NO;
				DEBUG_INFORMATION_FORMAT = dwarf;
				ENABLE_STRICT_OBJC_MSGSEND = YES;
				ENABLE_TESTABILITY = YES;
				ENABLE_USER_SCRIPT_SANDBOXING = YES;
				GCC_C_LANGUAGE_STANDARD = gnu17;
				GCC_DYNAMIC_NO_PIC = NO;
				GCC_NO_COMMON_BLOCKS = YES;
				GCC_OPTIMIZATION_LEVEL = 0;
				GCC_PREPROCESSOR_DEFINITIONS = (
					"DEBUG=1",
					"$(inherited)",
				);
				GCC_WARN_64_TO_32_BIT_CONVERSION = YES;
				GCC_WARN_ABOUT_RETURN_TYPE = YES_ERROR;
				GCC_WARN_UNDECLARED_SELECTOR = YES;
				GCC_WARN_UNINITIALIZED_AUTOS = YES_AGGRESSIVE;
				GCC_WARN_UNUSED_FUNCTION = YES;
				GCC_WARN_UNUSED_VARIABLE = YES;
				LOCALIZATION_PREFERS_STRING_CATALOGS = YES;
				MACOSX_DEPLOYMENT_TARGET = 15.1;
				MTL_ENABLE_DEBUG_INFO = INCLUDE_SOURCE;
				MTL_FAST_MATH = YES;
				ONLY_ACTIVE_ARCH = YES;
				SDKROOT = macosx;
				SWIFT_ACTIVE_COMPILATION_CONDITIONS = "DEBUG $(inherited)";
				SWIFT_OPTIMIZATION_LEVEL = "-Onone";
			};
			name = Debug;
		};
		074D6C9A2D1D1F7C004F05F9 /* Release */ = {
			isa = XCBuildConfiguration;
			buildSettings = {
				ALWAYS_SEARCH_USER_PATHS = NO;
				ASSETCATALOG_COMPILER_GENERATE_SWIFT_ASSET_SYMBOL_EXTENSIONS = YES;
				CLANG_ANALYZER_NONNULL = YES;
				CLANG_ANALYZER_NUMBER_OBJECT_CONVERSION = YES_AGGRESSIVE;
				CLANG_CXX_LANGUAGE_STANDARD = "gnu++20";
				CLANG_ENABLE_MODULES = YES;
				CLANG_ENABLE_OBJC_ARC = YES;
				CLANG_ENABLE_OBJC_WEAK = YES;
				CLANG_WARN_BLOCK_CAPTURE_AUTORELEASING = YES;
				CLANG_WARN_BOOL_CONVERSION = YES;
				CLANG_WARN_COMMA = YES;
				CLANG_WARN_CONSTANT_CONVERSION = YES;
				CLANG_WARN_DEPRECATED_OBJC_IMPLEMENTATIONS = YES;
				CLANG_WARN_DIRECT_OBJC_ISA_USAGE = YES_ERROR;
				CLANG_WARN_DOCUMENTATION_COMMENTS = YES;
				CLANG_WARN_EMPTY_BODY = YES;
				CLANG_WARN_ENUM_CONVERSION = YES;
				CLANG_WARN_INFINITE_RECURSION = YES;
				CLANG_WARN_INT_CONVERSION = YES;
				CLANG_WARN_NON_LITERAL_NULL_CONVERSION = YES;
				CLANG_WARN_OBJC_IMPLICIT_RETAIN_SELF = YES;
				CLANG_WARN_OBJC_LITERAL_CONVERSION = YES;
				CLANG_WARN_OBJC_ROOT_CLASS = YES_ERROR;
				CLANG_WARN_QUOTED_INCLUDE_IN_FRAMEWORK_HEADER = YES;
				CLANG_WARN_RANGE_LOOP_ANALYSIS = YES;
				CLANG_WARN_STRICT_PROTOTYPES = YES;
				CLANG_WARN_SUSPICIOUS_MOVE = YES;
				CLANG_WARN_UNGUARDED_AVAILABILITY = YES_AGGRESSIVE;
				CLANG_WARN_UNREACHABLE_CODE = YES;
				CLANG_WARN__DUPLICATE_METHOD_MATCH = YES;
				COPY_PHASE_STRIP = NO;
				DEBUG_INFORMATION_FORMAT = "dwarf-with-dsym";
				ENABLE_NS_ASSERTIONS = NO;
				ENABLE_STRICT_OBJC_MSGSEND = YES;
				ENABLE_USER_SCRIPT_SANDBOXING = YES;
				GCC_C_LANGUAGE_STANDARD = gnu17;
				GCC_NO_COMMON_BLOCKS = YES;
				GCC_WARN_64_TO_32_BIT_CONVERSION = YES;
				GCC_WARN_ABOUT_RETURN_TYPE = YES_ERROR;
				GCC_WARN_UNDECLARED_SELECTOR = YES;
				GCC_WARN_UNINITIALIZED_AUTOS = YES_AGGRESSIVE;
				GCC_WARN_UNUSED_FUNCTION = YES;
				GCC_WARN_UNUSED_VARIABLE = YES;
				LOCALIZATION_PREFERS_STRING_CATALOGS = YES;
				MACOSX_DEPLOYMENT_TARGET = 15.1;
				MTL_ENABLE_DEBUG_INFO = NO;
				MTL_FAST_MATH = YES;
				SDKROOT = macosx;
				SWIFT_COMPILATION_MODE = wholemodule;
			};
			name = Release;
		};
		074D6C9C2D1D1F7C004F05F9 /* Debug */ = {
			isa = XCBuildConfiguration;
			buildSettings = {
				ASSETCATALOG_COMPILER_APPICON_NAME = AppIcon;
				ASSETCATALOG_COMPILER_GLOBAL_ACCENT_COLOR_NAME = AccentColor;
				CODE_SIGN_ENTITLEMENTS = Wordcraft/Wordcraft.entitlements;
				CODE_SIGN_STYLE = Automatic;
				COMBINE_HIDPI_IMAGES = YES;
				CURRENT_PROJECT_VERSION = 1;
				DEVELOPMENT_ASSET_PATHS = "\"Wordcraft/Preview Content\"";
				DEVELOPMENT_TEAM = H7MDDDPC4H;
				ENABLE_HARDENED_RUNTIME = YES;
				ENABLE_PREVIEWS = YES;
				GENERATE_INFOPLIST_FILE = YES;
				INFOPLIST_KEY_NSHumanReadableCopyright = "";
				LD_RUNPATH_SEARCH_PATHS = (
					"$(inherited)",
					"@executable_path/../Frameworks",
				);
				MARKETING_VERSION = 1.0;
				PRODUCT_BUNDLE_IDENTIFIER = com.eric.Wordcraft;
				PRODUCT_NAME = "$(TARGET_NAME)";
				SWIFT_EMIT_LOC_STRINGS = YES;
				SWIFT_VERSION = 5.0;
			};
			name = Debug;
		};
		074D6C9D2D1D1F7C004F05F9 /* Release */ = {
			isa = XCBuildConfiguration;
			buildSettings = {
				ASSETCATALOG_COMPILER_APPICON_NAME = AppIcon;
				ASSETCATALOG_COMPILER_GLOBAL_ACCENT_COLOR_NAME = AccentColor;
				CODE_SIGN_ENTITLEMENTS = Wordcraft/Wordcraft.entitlements;
				CODE_SIGN_STYLE = Automatic;
				COMBINE_HIDPI_IMAGES = YES;
				CURRENT_PROJECT_VERSION = 1;
				DEVELOPMENT_ASSET_PATHS = "\"Wordcraft/Preview Content\"";
				DEVELOPMENT_TEAM = H7MDDDPC4H;
				ENABLE_HARDENED_RUNTIME = YES;
				ENABLE_PREVIEWS = YES;
				GENERATE_INFOPLIST_FILE = YES;
				INFOPLIST_KEY_NSHumanReadableCopyright = "";
				LD_RUNPATH_SEARCH_PATHS = (
					"$(inherited)",
					"@executable_path/../Frameworks",
				);
				MARKETING_VERSION = 1.0;
				PRODUCT_BUNDLE_IDENTIFIER = com.eric.Wordcraft;
				PRODUCT_NAME = "$(TARGET_NAME)";
				SWIFT_EMIT_LOC_STRINGS = YES;
				SWIFT_VERSION = 5.0;
			};
			name = Release;
		};
/* End XCBuildConfiguration section */

/* Begin XCConfigurationList section */
		074D6C872D1D1F7A004F05F9 /* Build configuration list for PBXProject "Wordcraft" */ = {
			isa = XCConfigurationList;
			buildConfigurations = (
				074D6C992D1D1F7C004F05F9 /* Debug */,
				074D6C9A2D1D1F7C004F05F9 /* Release */,
			);
			defaultConfigurationIsVisible = 0;
			defaultConfigurationName = Release;
		};
		074D6C9B2D1D1F7C004F05F9 /* Build configuration list for PBXNativeTarget "Wordcraft" */ = {
			isa = XCConfigurationList;
			buildConfigurations = (
				074D6C9C2D1D1F7C004F05F9 /* Debug */,
				074D6C9D2D1D1F7C004F05F9 /* Release */,
			);
			defaultConfigurationIsVisible = 0;
			defaultConfigurationName = Release;
		};
/* End XCConfigurationList section */
	};
	rootObject = 074D6C842D1D1F7A004F05F9 /* Project object */;
}
